{
  "lockfile_version": "1",
  "packages": {
    "graphviz@8": {
      "last_modified": "2023-09-27T18:02:17Z",
      "resolved": "github:NixOS/nixpkgs/517501bcf14ae6ec47efd6a17dda0ca8e6d866f9#graphviz",
      "source": "devbox-search",
      "version": "8.1.0",
      "systems": {
        "aarch64-darwin": {
          "outputs": [
            {
              "name": "out",
              "path": "/nix/store/1198j1prrz5d9l3w3zkjxz3y447vg65m-graphviz-8.1.0",
              "default": true
            }
          ],
          "store_path": "/nix/store/1198j1prrz5d9l3w3zkjxz3y447vg65m-graphviz-8.1.0"
        },
        "aarch64-linux": {
          "outputs": [
            {
              "name": "out",
              "path": "/nix/store/hpdihpsh4hz4j8b0svqbrjn5fc9cz31g-graphviz-8.1.0",
              "default": true
            }
          ],
          "store_path": "/nix/store/hpdihpsh4hz4j8b0svqbrjn5fc9cz31g-graphviz-8.1.0"
        },
        "x86_64-darwin": {
          "outputs": [
            {
              "name": "out",
              "path": "/nix/store/w2h4453kkhcbr9in0zs07d4pm56qsshr-graphviz-8.1.0",
              "default": true
            }
          ],
          "store_path": "/nix/store/w2h4453kkhcbr9in0zs07d4pm56qsshr-graphviz-8.1.0"
        },
        "x86_64-linux": {
          "outputs": [
            {
              "name": "out",
              "path": "/nix/store/66sh3daq6j5pdji2s2bcwka7dl5adrfx-graphviz-8.1.0",
              "default": true
            }
          ],
          "store_path": "/nix/store/66sh3daq6j5pdji2s2bcwka7dl5adrfx-graphviz-8.1.0"
        }
      }
    },
    "pre-commit@3": {
      "last_modified": "2024-10-16T02:16:09Z",
      "resolved": "github:NixOS/nixpkgs/70cc7b62f2b448a487de36e1fd714693c59c4719#pre-commit",
      "source": "devbox-search",
      "version": "3.7.1",
      "systems": {
        "aarch64-darwin": {
          "outputs": [
            {
              "name": "out",
              "path": "/nix/store/flzj4pzl43m29ml7brh4gabw9rxrvrml-pre-commit-3.7.1",
              "default": true
            },
            {
              "name": "dist",
              "path": "/nix/store/87dhz8r6jwy3487h78bbivhw9mg8g8h9-pre-commit-3.7.1-dist"
            }
          ],
          "store_path": "/nix/store/flzj4pzl43m29ml7brh4gabw9rxrvrml-pre-commit-3.7.1"
        },
        "aarch64-linux": {
          "outputs": [
            {
              "name": "out",
              "path": "/nix/store/jddjbmxg9rlawirkr8pg9dlj0xma9w1q-pre-commit-3.7.1",
              "default": true
            },
            {
              "name": "dist",
              "path": "/nix/store/2lpy8sfhcnn33ia5c77g5gyg1zz6b0qg-pre-commit-3.7.1-dist"
            }
          ],
          "store_path": "/nix/store/jddjbmxg9rlawirkr8pg9dlj0xma9w1q-pre-commit-3.7.1"
        },
        "x86_64-darwin": {
          "outputs": [
            {
              "name": "out",
              "path": "/nix/store/2ycxh3vvj0b1bk2pgj84jg88l49hbwq3-pre-commit-3.7.1",
              "default": true
            },
            {
              "name": "dist",
              "path": "/nix/store/0wfmhzk48ziaw6vd26shy5mjazg9qsjc-pre-commit-3.7.1-dist"
            }
          ],
          "store_path": "/nix/store/2ycxh3vvj0b1bk2pgj84jg88l49hbwq3-pre-commit-3.7.1"
        },
        "x86_64-linux": {
          "outputs": [
            {
              "name": "out",
              "path": "/nix/store/zp9vk1y2fzlavzaz67ikipgh9hq58pxr-pre-commit-3.7.1",
              "default": true
            },
            {
              "name": "dist",
              "path": "/nix/store/k3hc0dqi88iik1n1kjc9ddp6rf9wp11v-pre-commit-3.7.1-dist"
            }
          ],
          "store_path": "/nix/store/zp9vk1y2fzlavzaz67ikipgh9hq58pxr-pre-commit-3.7.1"
        }
      }
    },
    "pydeps@1.12": {
      "last_modified": "2024-10-17T04:50:07Z",
      "resolved": "github:NixOS/nixpkgs/1bde3e8e37a72989d4d455adde764d45f45dc11c#pydeps",
      "source": "devbox-search",
      "version": "1.12.20",
      "systems": {
        "aarch64-darwin": {
          "outputs": [
            {
              "name": "out",
              "path": "/nix/store/pgkdnqdh2kchvg1y3dfcgq9qvyhr6rzn-python3.12-pydeps-1.12.20",
              "default": true
            },
            {
              "name": "dist",
              "path": "/nix/store/5xbmwbx12x6vvaknryhc40hfcfgc1k91-python3.12-pydeps-1.12.20-dist"
            }
          ],
          "store_path": "/nix/store/pgkdnqdh2kchvg1y3dfcgq9qvyhr6rzn-python3.12-pydeps-1.12.20"
        },
        "aarch64-linux": {
          "outputs": [
            {
              "name": "out",
              "path": "/nix/store/wpdsbyv2gs5smn5y0cbjdk9xkvlp8z7a-python3.12-pydeps-1.12.20",
              "default": true
            },
            {
              "name": "dist",
              "path": "/nix/store/5n3pfl2xcyc1192nnvkfnm5c2vy7npm7-python3.12-pydeps-1.12.20-dist"
            }
          ],
          "store_path": "/nix/store/wpdsbyv2gs5smn5y0cbjdk9xkvlp8z7a-python3.12-pydeps-1.12.20"
        },
        "x86_64-darwin": {
          "outputs": [
            {
              "name": "out",
              "path": "/nix/store/ymjksz32p6fc7pkzpzlxdl2p18zl8cww-python3.12-pydeps-1.12.20",
              "default": true
            },
            {
              "name": "dist",
              "path": "/nix/store/dr1rgiysjilh0440zwhjxsqgcxg07iac-python3.12-pydeps-1.12.20-dist"
            }
          ],
          "store_path": "/nix/store/ymjksz32p6fc7pkzpzlxdl2p18zl8cww-python3.12-pydeps-1.12.20"
        },
        "x86_64-linux": {
          "outputs": [
            {
              "name": "out",
              "path": "/nix/store/rh6336hrlnirfx9rdmwbz1sin18ym5kb-python3.12-pydeps-1.12.20",
              "default": true
            },
            {
              "name": "dist",
              "path": "/nix/store/5h713831gz19smc6hcxk0f79a3kdddsm-python3.12-pydeps-1.12.20-dist"
            }
          ],
          "store_path": "/nix/store/rh6336hrlnirfx9rdmwbz1sin18ym5kb-python3.12-pydeps-1.12.20"
        }
      }
    },
    "python@3.12": {
      "last_modified": "2024-10-13T23:44:06Z",
      "plugin_version": "0.0.4",
      "resolved": "github:NixOS/nixpkgs/d4f247e89f6e10120f911e2e2d2254a050d0f732#python3",
      "source": "devbox-search",
      "version": "3.12.6",
      "systems": {
        "aarch64-darwin": {
          "outputs": [
            {
              "name": "out",
              "path": "/nix/store/ybnf7k6i9p244bbhsbxizqk65z58cwyr-python3-3.12.6",
              "default": true
            }
          ],
          "store_path": "/nix/store/ybnf7k6i9p244bbhsbxizqk65z58cwyr-python3-3.12.6"
        },
        "aarch64-linux": {
          "outputs": [
            {
              "name": "out",
              "path": "/nix/store/pv8p76ihrnqf81xan9qnv53ks84wmp07-python3-3.12.6",
              "default": true
            },
            {
              "name": "debug",
              "path": "/nix/store/qk5wzj1q68jdvnzph5ckiir2wj87qygq-python3-3.12.6-debug"
            }
          ],
          "store_path": "/nix/store/pv8p76ihrnqf81xan9qnv53ks84wmp07-python3-3.12.6"
        },
        "x86_64-darwin": {
          "outputs": [
            {
              "name": "out",
              "path": "/nix/store/d30gb7nm3bnd58a5c3gwnmxywzbls69v-python3-3.12.6",
              "default": true
            }
          ],
          "store_path": "/nix/store/d30gb7nm3bnd58a5c3gwnmxywzbls69v-python3-3.12.6"
        },
        "x86_64-linux": {
          "outputs": [
            {
              "name": "out",
              "path": "/nix/store/wfbjq35kxs6x83c3ncpfxdyl5gbhdx4h-python3-3.12.6",
              "default": true
            },
            {
              "name": "debug",
              "path": "/nix/store/wmg3whp163d4y3www9kfziwks1yn6k9i-python3-3.12.6-debug"
            }
          ],
          "store_path": "/nix/store/wfbjq35kxs6x83c3ncpfxdyl5gbhdx4h-python3-3.12.6"
        }
      }
    },
    "ruff@0.4": {
      "last_modified": "2024-06-21T15:31:59Z",
      "resolved": "github:NixOS/nixpkgs/90338afd6177fc683a04d934199d693708c85a3b#ruff",
      "source": "devbox-search",
      "version": "0.4.10",
      "systems": {
        "aarch64-darwin": {
          "outputs": [
            {
              "name": "out",
              "path": "/nix/store/imr1jyig7di4a8lcd8ypvqkag46fnafq-ruff-0.4.10",
              "default": true
            }
          ],
          "store_path": "/nix/store/imr1jyig7di4a8lcd8ypvqkag46fnafq-ruff-0.4.10"
        },
        "aarch64-linux": {
          "outputs": [
            {
              "name": "out",
              "path": "/nix/store/wr81if4p582l5jv0nrygb954f14lqf7j-ruff-0.4.10",
              "default": true
            }
          ],
          "store_path": "/nix/store/wr81if4p582l5jv0nrygb954f14lqf7j-ruff-0.4.10"
        },
        "x86_64-darwin": {
          "outputs": [
            {
              "name": "out",
              "path": "/nix/store/qjlq4gpvfzfnc2p9ki4ha9aq75dwxika-ruff-0.4.10",
              "default": true
            }
          ],
          "store_path": "/nix/store/qjlq4gpvfzfnc2p9ki4ha9aq75dwxika-ruff-0.4.10"
        },
        "x86_64-linux": {
          "outputs": [
            {
              "name": "out",
              "path": "/nix/store/wylssm8c60cyiab1a48wm0jlxq51qa73-ruff-0.4.10",
              "default": true
            }
          ],
          "store_path": "/nix/store/wylssm8c60cyiab1a48wm0jlxq51qa73-ruff-0.4.10"
        }
      }
    },
    "uv@0.4": {
      "last_modified": "2024-10-13T23:44:06Z",
      "resolved": "github:NixOS/nixpkgs/d4f247e89f6e10120f911e2e2d2254a050d0f732#uv",
      "source": "devbox-search",
      "version": "0.4.20",
      "systems": {
        "aarch64-darwin": {
          "outputs": [
            {
              "name": "out",
              "path": "/nix/store/kj94bwy53x1szcp2zggmkcxcjy2n4nxl-uv-0.4.20",
              "default": true
            },
            {
              "name": "dist",
              "path": "/nix/store/knkva9prhn39g6chdyfnbc2cy6xyp3aa-uv-0.4.20-dist"
            }
          ],
          "store_path": "/nix/store/kj94bwy53x1szcp2zggmkcxcjy2n4nxl-uv-0.4.20"
        },
        "aarch64-linux": {
          "outputs": [
            {
              "name": "out",
              "path": "/nix/store/8jn9dha0xgrvm6xyh6x96q6wid6mck68-uv-0.4.20",
              "default": true
            },
            {
              "name": "dist",
              "path": "/nix/store/7jzi3q5g1sg8r48nrmbnsii862ia6s9n-uv-0.4.20-dist"
            }
          ],
          "store_path": "/nix/store/8jn9dha0xgrvm6xyh6x96q6wid6mck68-uv-0.4.20"
        },
        "x86_64-darwin": {
          "outputs": [
            {
              "name": "out",
              "path": "/nix/store/5a7gy3fcvzhmy9p99ab2r235m41wzz35-uv-0.4.20",
              "default": true
            },
            {
              "name": "dist",
              "path": "/nix/store/z4xlbg5rgqp9ijbj40g1q8hw55vm6bp1-uv-0.4.20-dist"
            }
          ],
          "store_path": "/nix/store/5a7gy3fcvzhmy9p99ab2r235m41wzz35-uv-0.4.20"
        },
        "x86_64-linux": {
          "outputs": [
            {
              "name": "out",
              "path": "/nix/store/h9w1a72brbpl8jvxlq7fkmbbc9f2qxk4-uv-0.4.20",
              "default": true
            },
            {
              "name": "dist",
              "path": "/nix/store/045dc8ak0pfpz5nfv5avk9khf1y63rpq-uv-0.4.20-dist"
            }
          ],
          "store_path": "/nix/store/h9w1a72brbpl8jvxlq7fkmbbc9f2qxk4-uv-0.4.20"
        }
      }
    }
  }
}
