{
  "lockfile_version": "1",
  "packages": {
    "graphviz@8": {
      "last_modified": "2023-07-23T03:35:12Z",
      "resolved": "github:NixOS/nixpkgs/af8cd5ded7735ca1df1a1174864daab75feeb64a#graphviz",
      "source": "devbox-search",
      "version": "8.0.5"
    },
    "poetry@1.5": {
      "last_modified": "2023-07-23T03:35:12Z",
      "plugin_version": "0.0.4",
      "resolved": "github:NixOS/nixpkgs/af8cd5ded7735ca1df1a1174864daab75feeb64a#poetry",
      "source": "devbox-search",
      "version": "1.5.1"
    },
    "pre-commit@3": {
      "last_modified": "2023-06-30T04:44:22Z",
      "resolved": "github:NixOS/nixpkgs/3c614fbc76fc152f3e1bc4b2263da6d90adf80fb#pre-commit",
      "source": "devbox-search",
      "version": "3.3.3"
    },
    "python@3.10": {
      "last_modified": "2023-02-24T18:08:35Z",
      "plugin_version": "0.0.3",
      "resolved": "github:NixOS/nixpkgs/806075be2bdde71895359ed18cb530c4d323e6f6#python3",
      "source": "devbox-search",
      "version": "3.10.9"
    }
  }
}
